
Microsoft Visual Studio Solution File, Format Version 12.00
# Visual Studio 15
VisualStudioVersion = 15.0.27703.2000
MinimumVisualStudioVersion = 10.0.40219.1
Project("{FAE04EC0-301F-11D3-BF4B-00C04F79EFBC}") = "Aya", "Aya\Aya.csproj", "{D957C965-B315-4CA2-9FB6-3E4B8B4C4314}"
EndProject
Global
	GlobalSection(SolutionConfigurationPlatforms) = preSolution
		Debug|Any CPU = Debug|Any CPU
		Release|Any CPU = Release|Any CPU
	EndGlobalSection
	GlobalSection(ProjectConfigurationPlatforms) = postSolution
		{D957C965-B315-4CA2-9FB6-3E4B8B4C4314}.Debug|Any CPU.ActiveCfg = Debug|Any CPU
		{D957C965-B315-4CA2-9FB6-3E4B8B4C4314}.Debug|Any CPU.Build.0 = Debug|Any CPU
		{D957C965-B315-4CA2-9FB6-3E4B8B4C4314}.Release|Any CPU.ActiveCfg = Release|Any CPU
		{D957C965-B315-4CA2-9FB6-3E4B8B4C4314}.Release|Any CPU.Build.0 = Release|Any CPU
	EndGlobalSection
	GlobalSection(SolutionProperties) = preSolution
		HideSolutionNode = FALSE
	EndGlobalSection
	GlobalSection(ExtensibilityGlobals) = postSolution
		SolutionGuid = {4E98636A-FAB2-4C6F-8332-B3424BFF2D54}
	EndGlobalSection
EndGlobal
